# This file was autogenerated by uv via the following command:
#    uv pip compile requirements.in --python-version 3.11 --universal --generate-hashes -o requirements.lock
absl-py==2.5.0 \
    --hash=sha256:0c996f25c0490700fadabe6351630f6111534fa0ae252cc6d2014ea3b141135f \
    --hash=sha256:0f17b89f2a4eaaedc4f28c622998aa690564b3012a396a4ffad0821007fe03ba
    # via mujoco
etils==1.14.0 \
    --hash=sha256:8136e7f4c4173cd0af0ca5481c4475152f0b8686192951eefa60ee8711e1ede4 \
    --hash=sha256:b5df7341f54dbe1405a4450b2741207b4a8c279780402b45f87202b94dfc52b4
    # via mujoco
fsspec==2026.7.0 \
    --hash=sha256:b57ddbafedfaef7018c1ecab32aa200a9d7ca26b77965f64e48b70061249d279 \
    --hash=sha256:c803c40f4cf860b49dea58ee3e1c33cb9c790520e233537e1340049f89b82a88
    # via etils
glfw==2.10.2 \
    --hash=sha256:0ffe2b48b51f37b05e8f027f57c0b8cd213affaf22fc83401bd9621692d4c6c8 \
    --hash=sha256:15fd0666cd8f1b0ecb535c3abb712b8ddda053bf8d16de2353b1c6ced0e65402 \
    --hash=sha256:5d2cf97c66bc42a6b583be0e307eae5a3945438322e2ed0c5e4f14dc251d693d \
    --hash=sha256:7604425ec95665cc6a25c3ed7d07e9660d394a34472ceffaec0843c844e7b649 \
    --hash=sha256:82daf1f87b2a48815637dc6f6720d4a55a57ba1d3683322dc20dc28065754f97 \
    --hash=sha256:a04d25bb535a3a29e173ea1abd658e161681b5d3816e00bc51c122f74cd7fa3a \
    --hash=sha256:a94aefe8c48886fd83cd6e11e936846166a4b5b94abf1f4bf599d984774b0b1b \
    --hash=sha256:b860de3ca0686182483f98f3ddd12e660acf25b3e0d521450ec9a3f999f72a65 \
    --hash=sha256:c000b8a5e5fb4374b2c18d12347255ccb92001b9bcf80ef74c56072acbb98fe3
    # via mujoco
mujoco==3.3.7 \
    --hash=sha256:06cad1108dba827f3845b6c09153dac51f318f7b625cc02f7ad1f2a64187ceb6 \
    --hash=sha256:11f3f6154aa7f72f5929f150800c7098904f91eb0b7cdefacb6fdf7edd3704f8 \
    --hash=sha256:1657312f4f4591ade7c7a21187065e3ab16e6a45d9c8c6abe8772fdc4b585789 \
    --hash=sha256:19ece543ab1fba444d0b33d42740bd1b0c212445ddcbdb51bf81b6989dd21349 \
    --hash=sha256:1afdf8880badccc6fdbef33e09967b6d8feeed3b951da881c4cc41addd1ecde9 \
    --hash=sha256:205b6915d30c7d1927e942d8940678e86e564838bc26b921920a023c8f428e2b \
    --hash=sha256:40bbff7bd701003f3a528a7246fedf43c9feebc965510b81a5a23ed23cfdc887 \
    --hash=sha256:49e6410175c1b1c17e10ad4ca536114fa1e04b86288d6279be41f26055d1e080 \
    --hash=sha256:4a53c0035c559173d6f3c413541e59421cc3293b1a637c69cbb2c9f2251060f6 \
    --hash=sha256:75bc1f23b590da7a56fba076785d8019ff5ffa15949bf849a245c88d7cda1b6c \
    --hash=sha256:771923e71faa19749fed8dae1329b70b77d1cd9cef699d0e0ad984e00ee05c0a \
    --hash=sha256:7b844d21b25c550a17c08fdf29dc3e00b8ac4156d59332f438d6cfb810310650 \
    --hash=sha256:898ff5b28069b06ee654011b88fbde8633ec540a854f82f49cd0472fe9224b5c \
    --hash=sha256:8cafd4fef9dcdd7287bb72fe4184382d8172e400892b34512bf8b6e94145eaad \
    --hash=sha256:9203d50fc1900bcaae98de88fc032f87193aca15eb696718f74396ea7bd77ea3 \
    --hash=sha256:9371506f0df2d82152685fc8d38465843abcea8d371745ea7c125001e8f3f2d8 \
    --hash=sha256:9381bf5364eb2da86f0b1388c98b57e706123c8370660f977004fb5f94ef900f \
    --hash=sha256:970dbc44013371c2de645f9c37a9b41f18b4fc368adc8c5f8057988121be610b \
    --hash=sha256:9c6a3260756b65c79cecb68d67d97518bba3fa45c66097a2dc598bc59c566372 \
    --hash=sha256:b3aadc804eae9a4932c2476883018acab38257df40384d79a90bd95f5e5b04c4 \
    --hash=sha256:bc98adebab38cd5e10e7072a724fbeaa2815a09de323d15a5d319a608bdda13a \
    --hash=sha256:bf1c83c1afc3a5ece0dd5e202fa2164fb5e6fa72c6e2d7cb2453931c44dc4105 \
    --hash=sha256:cc640062891fb54f1f1606bb5748b239f1616de38487c777f09d1775ccdcacc3 \
    --hash=sha256:d9445023a1f00a960b9fa8a6a7ebd4e050a5d1ec586434df0abc21ab8d9a73a5 \
    --hash=sha256:e9c845f5eabd43caea6064be5d6605fab7865ac5c7812c612fd4aee9ff7f5e30 \
    --hash=sha256:ed83d9f1b7d90af6b2047efabd874ed4aeca2fb4babcd0467cee39c1c56bf993
    # via -r requirements.in
numpy==2.3.5 \
    --hash=sha256:00dc4e846108a382c5869e77c6ed514394bdeb3403461d25a829711041217d5b \
    --hash=sha256:0472f11f6ec23a74a906a00b48a4dcf3849209696dff7c189714511268d103ae \
    --hash=sha256:04822c00b5fd0323c8166d66c701dc31b7fbd252c100acd708c48f763968d6a3 \
    --hash=sha256:052e8c42e0c49d2575621c158934920524f6c5da05a1d3b9bab5d8e259e045f0 \
    --hash=sha256:09a1bea522b25109bf8e6f3027bd810f7c1085c64a0c7ce050c1676ad0ba010b \
    --hash=sha256:0cd00b7b36e35398fa2d16af7b907b65304ef8bb4817a550e06e5012929830fa \
    --hash=sha256:0d8163f43acde9a73c2a33605353a4f1bc4798745a8b1d73183b28e5b435ae28 \
    --hash=sha256:1062fde1dcf469571705945b0f221b73928f34a20c904ffb45db101907c3454e \
    --hash=sha256:11e06aa0af8c0f05104d56450d6093ee639e15f24ecf62d417329d06e522e017 \
    --hash=sha256:17531366a2e3a9e30762c000f2c43a9aaa05728712e25c11ce1dbe700c53ad41 \
    --hash=sha256:1978155dd49972084bd6ef388d66ab70f0c323ddee6f693d539376498720fb7e \
    --hash=sha256:1ed1ec893cff7040a02c8aa1c8611b94d395590d553f6b53629a4461dc7f7b63 \
    --hash=sha256:2dcd0808a421a482a080f89859a18beb0b3d1e905b81e617a188bd80422d62e9 \
    --hash=sha256:2e2eb32ddb9ccb817d620ac1d8dae7c3f641c1e5f55f531a33e8ab97960a75b8 \
    --hash=sha256:2feae0d2c91d46e59fcd62784a3a83b3fb677fead592ce51b5a6fbb4f95965ff \
    --hash=sha256:3095bdb8dd297e5920b010e96134ed91d852d81d490e787beca7e35ae1d89cf7 \
    --hash=sha256:30bc11310e8153ca664b14c5f1b73e94bd0503681fcf136a163de856f3a50139 \
    --hash=sha256:3101e5177d114a593d79dd79658650fe28b5a0d8abeb8ce6f437c0e6df5be1a4 \
    --hash=sha256:396084a36abdb603546b119d96528c2f6263921c50df3c8fd7cb28873a237748 \
    --hash=sha256:3997b5b3c9a771e157f9aae01dd579ee35ad7109be18db0e85dbdbe1de06e952 \
    --hash=sha256:414802f3b97f3c1eef41e530aaba3b3c1620649871d8cb38c6eaff034c2e16bd \
    --hash=sha256:51c1e14eb1e154ebd80e860722f9e6ed6ec89714ad2db2d3aa33c31d7c12179b \
    --hash=sha256:51c55fe3451421f3a6ef9a9c1439e82101c57a2c9eab9feb196a62b1a10b58ce \
    --hash=sha256:5ee6609ac3604fa7780e30a03e5e241a7956f8e2fcfe547d51e3afa5247ac47f \
    --hash=sha256:612a95a17655e213502f60cfb9bf9408efdc9eb1d5f50535cc6eb365d11b42b5 \
    --hash=sha256:6203fdf9f3dc5bdaed7319ad8698e685c7a3be10819f41d32a0723e611733b42 \
    --hash=sha256:63c0e9e7eea69588479ebf4a8a270d5ac22763cc5854e9a7eae952a3908103f7 \
    --hash=sha256:66f85ce62c70b843bab1fb14a05d5737741e74e28c7b8b5a064de10142fad248 \
    --hash=sha256:6cf9b429b21df6b99f4dee7a1218b8b7ffbbe7df8764dc0bd60ce8a0708fed1e \
    --hash=sha256:70b37199913c1bd300ff6e2693316c6f869c7ee16378faf10e4f5e3275b299c3 \
    --hash=sha256:727fd05b57df37dc0bcf1a27767a3d9a78cbbc92822445f32cc3436ba797337b \
    --hash=sha256:74ae7b798248fe62021dbf3c914245ad45d1a6b0cb4a29ecb4b31d0bfbc4cc3e \
    --hash=sha256:784db1dcdab56bf0517743e746dfb0f885fc68d948aba86eeec2cba234bdf1c0 \
    --hash=sha256:86945f2ee6d10cdfd67bcb4069c1662dd711f7e2a4343db5cecec06b87cf31aa \
    --hash=sha256:86d835afea1eaa143012a2d7a3f45a3adce2d7adc8b4961f0b362214d800846a \
    --hash=sha256:872a5cf366aec6bb1147336480fef14c9164b154aeb6542327de4970282cd2f5 \
    --hash=sha256:8b973c57ff8e184109db042c842423ff4f60446239bd585a5131cc47f06f789d \
    --hash=sha256:8cba086a43d54ca804ce711b2a940b16e452807acebe7852ff327f1ecd49b0d4 \
    --hash=sha256:8f7f0e05112916223d3f438f293abf0727e1181b5983f413dfa2fefc4098245c \
    --hash=sha256:900218e456384ea676e24ea6a0417f030a3b07306d29d7ad843957b40a9d8d52 \
    --hash=sha256:93eebbcf1aafdf7e2ddd44c2923e2672e1010bddc014138b229e49725b4d6be5 \
    --hash=sha256:9c75442b2209b8470d6d5d8b1c25714270686f14c749028d2199c54e29f20b4d \
    --hash=sha256:9ee2197ef8c4f0dfe405d835f3b6a14f5fee7782b5de51ba06fb65fc9b36e9f1 \
    --hash=sha256:a414504bef8945eae5f2d7cb7be2d4af77c5d1cb5e20b296c2c25b61dff2900c \
    --hash=sha256:a4b9159734b326535f4dd01d947f919c6eefd2d9827466a696c44ced82dfbc18 \
    --hash=sha256:a80afd79f45f3c4a7d341f13acbe058d1ca8ac017c165d3fa0d3de6bc1a079d7 \
    --hash=sha256:aa5bc7c5d59d831d9773d1170acac7893ce3a5e130540605770ade83280e7188 \
    --hash=sha256:acfd89508504a19ed06ef963ad544ec6664518c863436306153e13e94605c218 \
    --hash=sha256:aeffcab3d4b43712bb7a60b65f6044d444e75e563ff6180af8f98dd4b905dfd2 \
    --hash=sha256:afaffc4393205524af9dfa400fa250143a6c3bc646c08c9f5e25a9f4b4d6a903 \
    --hash=sha256:b0c7088a73aef3d687c4deef8452a3ac7c1be4e29ed8bf3b366c8111128ac60c \
    --hash=sha256:b46b4ec24f7293f23adcd2d146960559aaf8020213de8ad1909dba6c013bf89c \
    --hash=sha256:b501b5fa195cc9e24fe102f21ec0a44dffc231d2af79950b451e0d99cea02234 \
    --hash=sha256:bf06bc2af43fa8d32d30fae16ad965663e966b1a3202ed407b84c989c3221e82 \
    --hash=sha256:c804e3a5aba5460c73955c955bdbd5c08c354954e9270a2c1565f62e866bdc39 \
    --hash=sha256:c8a9958e88b65c3b27e22ca2a076311636850b612d6bbfb76e8d156aacde2aaf \
    --hash=sha256:cc0a57f895b96ec78969c34f682c602bf8da1a0270b09bc65673df2e7638ec20 \
    --hash=sha256:cc8920d2ec5fa99875b670bb86ddeb21e295cb07aa331810d9e486e0b969d946 \
    --hash=sha256:ccc933afd4d20aad3c00bcef049cb40049f7f196e0397f1109dba6fed63267b0 \
    --hash=sha256:ce581db493ea1a96c0556360ede6607496e8bf9b3a8efa66e06477267bc831e9 \
    --hash=sha256:d0f23b44f57077c1ede8c5f26b30f706498b4862d3ff0a7298b8411dd2f043ff \
    --hash=sha256:d21644de1b609825ede2f48be98dfde4656aefc713654eeee280e37cadc4e0ad \
    --hash=sha256:d6889ec4ec662a1a37eb4b4fb26b6100841804dac55bd9df579e326cdc146227 \
    --hash=sha256:de5672f4a7b200c15a4127042170a694d4df43c992948f5e1af57f0174beed10 \
    --hash=sha256:e6a0bc88393d65807d751a614207b7129a310ca4fe76a74e5c7da5fa5671417e \
    --hash=sha256:ed89927b86296067b4f81f108a2271d8926467a8868e554eaf370fc27fa3ccaf \
    --hash=sha256:ee3888d9ff7c14604052b2ca5535a30216aa0a58e948cdd3eeb8d3415f638769 \
    --hash=sha256:f0963b55cdd70fad460fa4c1341f12f976bb26cb66021a5580329bd498988310 \
    --hash=sha256:f16417ec91f12f814b10bafe79ef77e70113a2f5f7018640e7425ff979253425 \
    --hash=sha256:f28620fe26bee16243be2b7b874da327312240a7cdc38b769a697578d2100013 \
    --hash=sha256:f4255143f5160d0de972d28c8f9665d882b5f61309d8362fdd3e103cf7bf010c \
    --hash=sha256:ffac52f28a7849ad7576293c0cb7b9f08304e8f7d738a8cb8a90ec4c55a998eb \
    --hash=sha256:ffe22d2b05504f786c867c8395de703937f934272eb67586817b46188b4ded6d \
    --hash=sha256:fffe29a1ef00883599d1dc2c51aa2e5d80afe49523c261a74933df395c15c520
    # via
    #   -r requirements.in
    #   mujoco
pyopengl==3.1.10 \
    --hash=sha256:794a943daced39300879e4e47bd94525280685f42dbb5a998d336cfff151d74f \
    --hash=sha256:c4a02d6866b54eb119c8e9b3fb04fa835a95ab802dd96607ab4cdb0012df8335
    # via mujoco
typing-extensions==4.16.0 \
    --hash=sha256:481caa481374e813c1b176ada14e97f1f67a4539ce9cfeb3f350d78d6370c2e8 \
    --hash=sha256:dc983d19a509c94dba722ee6abd33940f7c05a89e243c47e907eb4db6f1a43e5
    # via etils
zipp==4.1.0 \
    --hash=sha256:25ad4e16390cd314347dd8f1de67a2ac538ae658ed4ab9db16029c07c188e97f \
    --hash=sha256:4cb57381f544315db7688e976e922a2b18cdb513d21cc194eb42232ba2a3e602
    # via etils
